
# cargo-vet imports lock

[[audits.mozilla.audits.fluent]]
who = "Zibi Braniecki <zibi@unicode.org>"
criteria = "safe-to-deploy"
version = "0.16.0"
aggregated-from = "https://hg.mozilla.org/mozilla-central/raw-file/tip/supply-chain/audits.toml"

[[audits.mozilla.audits.fluent]]
who = "Nika Layzell <nika@thelayzells.com>"
criteria = "safe-to-deploy"
delta = "0.16.0 -> 0.17.0"
notes = "Style and dependency changes"
aggregated-from = "https://hg.mozilla.org/mozilla-central/raw-file/tip/supply-chain/audits.toml"

[[audits.mozilla.audits.fluent-bundle]]
who = "Zibi Braniecki <zibi@unicode.org>"
criteria = "safe-to-deploy"
version = "0.15.2"
aggregated-from = "https://hg.mozilla.org/mozilla-central/raw-file/tip/supply-chain/audits.toml"

[[audits.mozilla.audits.fluent-bundle]]
who = "Nika Layzell <nika@thelayzells.com>"
criteria = "safe-to-deploy"
delta = "0.15.2 -> 0.16.0"
notes = "Added support for NUMBER. Style and dependency changes."
aggregated-from = "https://hg.mozilla.org/mozilla-central/raw-file/tip/supply-chain/audits.toml"

[[audits.mozilla.audits.fluent-syntax]]
who = "Zibi Braniecki <zibi@unicode.org>"
criteria = "safe-to-deploy"
version = "0.11.0"
aggregated-from = "https://hg.mozilla.org/mozilla-central/raw-file/tip/supply-chain/audits.toml"

[[audits.mozilla.audits.fluent-syntax]]
who = "Nika Layzell <nika@thelayzells.com>"
criteria = "safe-to-deploy"
delta = "0.11.0 -> 0.12.0"
notes = "New serializer module does not use unsafe"
aggregated-from = "https://hg.mozilla.org/mozilla-central/raw-file/tip/supply-chain/audits.toml"

[[audits.mozilla.audits.intl-memoizer]]
who = "Zibi Braniecki <zibi@unicode.org>"
criteria = "safe-to-deploy"
version = "0.5.1"
aggregated-from = "https://hg.mozilla.org/mozilla-central/raw-file/tip/supply-chain/audits.toml"

[[audits.mozilla.audits.intl-memoizer]]
who = "Lars Eggert <lars@eggert.org>"
criteria = "safe-to-deploy"
delta = "0.5.1 -> 0.5.3"
aggregated-from = "https://hg.mozilla.org/mozilla-central/raw-file/tip/supply-chain/audits.toml"

[[audits.mozilla.audits.intl_pluralrules]]
who = "Zibi Braniecki <zibi@unicode.org>"
criteria = "safe-to-deploy"
version = "7.0.1"
aggregated-from = "https://hg.mozilla.org/mozilla-central/raw-file/tip/supply-chain/audits.toml"

[[audits.mozilla.audits.intl_pluralrules]]
who = "Makoto Kato <m_kato@ga2.so-net.ne.jp>"
criteria = "safe-to-deploy"
delta = "7.0.1 -> 7.0.2"
aggregated-from = "https://hg.mozilla.org/mozilla-central/raw-file/tip/supply-chain/audits.toml"

[[audits.mozilla.audits.unic-langid]]
who = "Zibi Braniecki <zibi@unicode.org>"
criteria = "safe-to-deploy"
version = "0.9.0"
aggregated-from = "https://hg.mozilla.org/mozilla-central/raw-file/tip/supply-chain/audits.toml"

[[audits.mozilla.audits.unic-langid]]
who = "Mike Hommey <mh+mozilla@glandium.org>"
criteria = "safe-to-deploy"
delta = "0.9.0 -> 0.9.1"
aggregated-from = "https://hg.mozilla.org/mozilla-central/raw-file/tip/supply-chain/audits.toml"

[[audits.mozilla.audits.unic-langid]]
who = "Eemeli Aro <eemeli@mozilla.com>"
criteria = "safe-to-deploy"
delta = "0.9.1 -> 0.9.5"
aggregated-from = "https://hg.mozilla.org/mozilla-central/raw-file/tip/supply-chain/audits.toml"

[[audits.mozilla.audits.unic-langid]]
who = "Makoto Kato <m_kato@ga2.so-net.ne.jp>"
criteria = "safe-to-deploy"
delta = "0.9.5 -> 0.9.6"
aggregated-from = "https://hg.mozilla.org/mozilla-central/raw-file/tip/supply-chain/audits.toml"

[[audits.mozilla.audits.unic-langid-impl]]
who = "Zibi Braniecki <zibi@unicode.org>"
criteria = "safe-to-deploy"
version = "0.9.0"
aggregated-from = "https://hg.mozilla.org/mozilla-central/raw-file/tip/supply-chain/audits.toml"

[[audits.mozilla.audits.unic-langid-impl]]
who = "Makoto Kato <m_kato@ga2.so-net.ne.jp>"
criteria = "safe-to-deploy"
delta = "0.9.0 -> 0.9.1"
aggregated-from = "https://hg.mozilla.org/mozilla-central/raw-file/tip/supply-chain/audits.toml"

[[audits.mozilla.audits.unic-langid-impl]]
who = "Eemeli Aro <eemeli@mozilla.com>"
criteria = "safe-to-deploy"
delta = "0.9.1 -> 0.9.5"
aggregated-from = "https://hg.mozilla.org/mozilla-central/raw-file/tip/supply-chain/audits.toml"

[[audits.mozilla.audits.unic-langid-impl]]
who = "Makoto Kato <m_kato@ga2.so-net.ne.jp>"
criteria = "safe-to-deploy"
delta = "0.9.5 -> 0.9.6"
aggregated-from = "https://hg.mozilla.org/mozilla-central/raw-file/tip/supply-chain/audits.toml"
